
Microsoft Visual Studio Solution File, Format Version 12.00
# Visual Studio 15
VisualStudioVersion = 15.0.27428.2015
MinimumVisualStudioVersion = 10.0.40219.1
Project("{8BC9CEB8-8B4A-11D0-8D11-00A0C91BC942}") = "Centipede", "Centipede\Centipede.vcxproj", "{6E34728E-EF41-4440-A617-0A27DAFC8095}"
EndProject
Global
	GlobalSection(SolutionConfigurationPlatforms) = preSolution
		Debug|x86 = Debug|x86
		Release|x86 = Release|x86
	EndGlobalSection
	GlobalSection(ProjectConfigurationPlatforms) = postSolution
		{6E34728E-EF41-4440-A617-0A27DAFC8095}.Debug|x86.ActiveCfg = Debug|Win32
		{6E34728E-EF41-4440-A617-0A27DAFC8095}.Debug|x86.Build.0 = Debug|Win32
		{6E34728E-EF41-4440-A617-0A27DAFC8095}.Release|x86.ActiveCfg = Release|Win32
		{6E34728E-EF41-4440-A617-0A27DAFC8095}.Release|x86.Build.0 = Release|Win32
	EndGlobalSection
	GlobalSection(SolutionProperties) = preSolution
		HideSolutionNode = FALSE
	EndGlobalSection
	GlobalSection(ExtensibilityGlobals) = postSolution
		SolutionGuid = {B0004448-0300-4C70-A006-EED5DB9A9E50}
	EndGlobalSection
EndGlobal
