<?xml version="1.0" encoding="utf-8"?>
<Project ToolsVersion="4.0" xmlns="http://schemas.microsoft.com/developer/msbuild/2003">
  <ItemGroup>
    <Filter Include="Source Files">
      <UniqueIdentifier>{4FC737F1-C7A5-4376-A066-2A32D752A2FF}</UniqueIdentifier>
      <Extensions>cpp;c;cc;cxx;def;odl;idl;hpj;bat;asm;asmx</Extensions>
    </Filter>
    <Filter Include="Header Files">
      <UniqueIdentifier>{93995380-89BD-4b04-88EB-625FBE52EBFB}</UniqueIdentifier>
      <Extensions>h;hpp;hxx;hm;inl;inc;xsd</Extensions>
    </Filter>
    <Filter Include="Resource Files">
      <UniqueIdentifier>{67DA6AB6-F800-4c08-8B7A-83BB121AAD01}</UniqueIdentifier>
      <Extensions>rc;ico;cur;bmp;dlg;rc2;rct;bin;rgs;gif;jpg;jpeg;jpe;resx;tiff;tif;png;wav;mfcribbon-ms</Extensions>
    </Filter>
    <Filter Include="Source Files\Game Components">
      <UniqueIdentifier>{274521c8-1d5a-46b2-9e48-ca86d610d2da}</UniqueIdentifier>
    </Filter>
    <Filter Include="Source Files\Game Components\_TEAL">
      <UniqueIdentifier>{381e70dc-8908-40b2-8bd5-c82f2da9ecde}</UniqueIdentifier>
    </Filter>
    <Filter Include="Source Files\Game Components\_ TEAL Resources">
      <UniqueIdentifier>{74cb38bc-e5a5-473b-9c38-1562da913636}</UniqueIdentifier>
    </Filter>
    <Filter Include="Source Files\Game Components\_TEAL\Asset Management">
      <UniqueIdentifier>{c78fb845-6d67-4dc6-8a1e-75199f5d0435}</UniqueIdentifier>
    </Filter>
    <Filter Include="Source Files\Game Components\_TEAL\Collision Management">
      <UniqueIdentifier>{25152d78-3b70-4568-8f3f-c86df9c7838f}</UniqueIdentifier>
    </Filter>
    <Filter Include="Source Files\Game Components\_TEAL\Collision Management\CollisionInfo">
      <UniqueIdentifier>{643b812d-f8e4-4933-ba38-c2625f72d0f6}</UniqueIdentifier>
    </Filter>
    <Filter Include="Source Files\Game Components\_TEAL\Game and Scene Management">
      <UniqueIdentifier>{407b3ec4-f684-476b-bf40-247b968bfcf1}</UniqueIdentifier>
    </Filter>
    <Filter Include="Source Files\Game Components\_TEAL\Time Management">
      <UniqueIdentifier>{3183889c-b81e-4a6c-9aed-c985bab02295}</UniqueIdentifier>
    </Filter>
    <Filter Include="Source Files\Game Components\_TEAL\Tools and Visualizers">
      <UniqueIdentifier>{fe2cc02b-e700-49c7-a53c-0c2e40f68d56}</UniqueIdentifier>
    </Filter>
    <Filter Include="Source Files\Game Components\_TEAL\User Base Classes">
      <UniqueIdentifier>{409825d2-ebc2-4122-98c2-52be09427ea8}</UniqueIdentifier>
    </Filter>
    <Filter Include="Source Files\Game Components\_TEAL\Window and Event Management">
      <UniqueIdentifier>{b170d022-c058-4e94-b847-9689da64a5a4}</UniqueIdentifier>
    </Filter>
    <Filter Include="Source Files\Game Components\Ship">
      <UniqueIdentifier>{2d297ade-c329-4377-8742-80bc35d53c3b}</UniqueIdentifier>
    </Filter>
    <Filter Include="Source Files\Game Components\Mushroom">
      <UniqueIdentifier>{f4e409d4-a2f4-48ae-96a6-ccb784e56c90}</UniqueIdentifier>
    </Filter>
    <Filter Include="Source Files\Game Components\Flea">
      <UniqueIdentifier>{b0bafc74-e4e3-471b-a3d2-3515a6a02c6d}</UniqueIdentifier>
    </Filter>
    <Filter Include="Source Files\Game Components\Scorpion">
      <UniqueIdentifier>{ded28aa4-67cf-4fef-bede-9a941f137acd}</UniqueIdentifier>
    </Filter>
    <Filter Include="Source Files\Game Components\Spider">
      <UniqueIdentifier>{532f4fa9-b0da-4f2f-a9c0-f752f83f29d1}</UniqueIdentifier>
    </Filter>
    <Filter Include="Source Files\Game Components\Levels">
      <UniqueIdentifier>{7ef8c9cd-3b00-424e-bed5-3a9b81690249}</UniqueIdentifier>
    </Filter>
    <Filter Include="Source Files\Game Components\Centipede">
      <UniqueIdentifier>{e73558db-178d-4b9b-a425-8ee3095488ed}</UniqueIdentifier>
    </Filter>
    <Filter Include="Source Files\Game Components\Bullet">
      <UniqueIdentifier>{b00ba378-2a8b-4f55-bbf0-aabe84b45697}</UniqueIdentifier>
    </Filter>
    <Filter Include="Source Files\Game Components\Score System">
      <UniqueIdentifier>{88ff3290-5561-419b-b083-8ef2d2a1aa50}</UniqueIdentifier>
    </Filter>
    <Filter Include="Source Files\Game Components\Centipede\CentipedeFSM">
      <UniqueIdentifier>{65c46c9b-3ad6-4aa6-8afa-c88bf89542cd}</UniqueIdentifier>
    </Filter>
    <Filter Include="Source Files\Game Components\Centipede\CentipedeHead">
      <UniqueIdentifier>{df00977c-581c-479a-9f02-2654c0d93253}</UniqueIdentifier>
    </Filter>
    <Filter Include="Source Files\Game Components\Centipede\CentipedeBody">
      <UniqueIdentifier>{24202b52-c8e3-493f-b579-209993d41c9f}</UniqueIdentifier>
    </Filter>
    <Filter Include="Source Files\Game Components\HUD/Font System">
      <UniqueIdentifier>{fc65fc85-a51f-4492-8b3b-c9dce5feb3ab}</UniqueIdentifier>
    </Filter>
    <Filter Include="Source Files\Game Components\Sound Manager">
      <UniqueIdentifier>{7cbe6a70-c6cc-4dda-9c22-624f1936bcf0}</UniqueIdentifier>
    </Filter>
    <Filter Include="Source Files\Game Components\Explosions">
      <UniqueIdentifier>{a18618b3-dc7e-47dc-8d11-a7f5c4009c2b}</UniqueIdentifier>
    </Filter>
    <Filter Include="Source Files\Game Components\Wave Manager">
      <UniqueIdentifier>{b3b0179f-0f93-4c59-871e-2109d1d18b96}</UniqueIdentifier>
    </Filter>
  </ItemGroup>
  <ItemGroup>
    <ClCompile Include="Game Components\TEAL\LoadAllResources.cpp">
      <Filter>Source Files\Game Components\_ TEAL Resources</Filter>
    </ClCompile>
    <ClCompile Include="Game Components\TEAL\AnimatedSprite.cpp">
      <Filter>Source Files\Game Components\_TEAL\Asset Management</Filter>
    </ClCompile>
    <ClCompile Include="Game Components\TEAL\ResourceManager.cpp">
      <Filter>Source Files\Game Components\_TEAL\Asset Management</Filter>
    </ClCompile>
    <ClCompile Include="Game Components\TEAL\CollisionInfoAABB.cpp">
      <Filter>Source Files\Game Components\_TEAL\Collision Management\CollisionInfo</Filter>
    </ClCompile>
    <ClCompile Include="Game Components\TEAL\CollisionInfoShape.cpp">
      <Filter>Source Files\Game Components\_TEAL\Collision Management\CollisionInfo</Filter>
    </ClCompile>
    <ClCompile Include="Game Components\TEAL\CollisionInfoSprite.cpp">
      <Filter>Source Files\Game Components\_TEAL\Collision Management\CollisionInfo</Filter>
    </ClCompile>
    <ClCompile Include="Game Components\TEAL\CollisionManager.cpp">
      <Filter>Source Files\Game Components\_TEAL\Collision Management</Filter>
    </ClCompile>
    <ClCompile Include="Game Components\TEAL\CollisionTools.cpp">
      <Filter>Source Files\Game Components\_TEAL\Collision Management</Filter>
    </ClCompile>
    <ClCompile Include="Game Components\TEAL\Game.cpp">
      <Filter>Source Files\Game Components\_TEAL\Game and Scene Management</Filter>
    </ClCompile>
    <ClCompile Include="Game Components\TEAL\SceneManager.cpp">
      <Filter>Source Files\Game Components\_TEAL\Game and Scene Management</Filter>
    </ClCompile>
    <ClCompile Include="Game Components\TEAL\AlarmEventTimeline.cpp">
      <Filter>Source Files\Game Components\_TEAL\Time Management</Filter>
    </ClCompile>
    <ClCompile Include="Game Components\TEAL\AlarmManager.cpp">
      <Filter>Source Files\Game Components\_TEAL\Time Management</Filter>
    </ClCompile>
    <ClCompile Include="Game Components\TEAL\ConsoleMsg.cpp">
      <Filter>Source Files\Game Components\_TEAL\Tools and Visualizers</Filter>
    </ClCompile>
    <ClCompile Include="Game Components\TEAL\TEALShow.cpp">
      <Filter>Source Files\Game Components\_TEAL\Tools and Visualizers</Filter>
    </ClCompile>
    <ClCompile Include="Game Components\TEAL\Tools.cpp">
      <Filter>Source Files\Game Components\_TEAL\Tools and Visualizers</Filter>
    </ClCompile>
    <ClCompile Include="Game Components\TEAL\GameObject.cpp">
      <Filter>Source Files\Game Components\_TEAL\User Base Classes</Filter>
    </ClCompile>
    <ClCompile Include="Game Components\TEAL\Scene.cpp">
      <Filter>Source Files\Game Components\_TEAL\User Base Classes</Filter>
    </ClCompile>
    <ClCompile Include="Game Components\TEAL\InputEventManager.cpp">
      <Filter>Source Files\Game Components\_TEAL\Window and Event Management</Filter>
    </ClCompile>
    <ClCompile Include="Game Components\TEAL\WindowManager.cpp">
      <Filter>Source Files\Game Components\_TEAL\Window and Event Management</Filter>
    </ClCompile>
    <ClCompile Include="main.cpp">
      <Filter>Source Files\Game Components\_TEAL\Game and Scene Management</Filter>
    </ClCompile>
    <ClCompile Include="Game Components\TEAL\CollisionInfoAABBfromShape.cpp">
      <Filter>Source Files\Game Components\_TEAL\Collision Management\CollisionInfo</Filter>
    </ClCompile>
    <ClCompile Include="Game Components\TEAL\CollisionInfoAABBfromSprite.cpp">
      <Filter>Source Files\Game Components\_TEAL\Collision Management\CollisionInfo</Filter>
    </ClCompile>
    <ClCompile Include="Game Components\TEAL\GameClock.cpp">
      <Filter>Source Files\Game Components\_TEAL\Time Management</Filter>
    </ClCompile>
    <ClCompile Include="Game Components\Ship.cpp">
      <Filter>Source Files\Game Components\Ship</Filter>
    </ClCompile>
    <ClCompile Include="Game Components\GameController.cpp">
      <Filter>Source Files\Game Components\Wave Manager</Filter>
    </ClCompile>
    <ClCompile Include="Game Components\Mushroom.cpp">
      <Filter>Source Files\Game Components\Mushroom</Filter>
    </ClCompile>
    <ClCompile Include="Game Components\MushroomField.cpp">
      <Filter>Source Files\Game Components\Mushroom</Filter>
    </ClCompile>
    <ClCompile Include="Game Components\Flea.cpp">
      <Filter>Source Files\Game Components\Flea</Filter>
    </ClCompile>
    <ClCompile Include="Game Components\PoisonMushroom.cpp">
      <Filter>Source Files\Game Components\Mushroom</Filter>
    </ClCompile>
    <ClCompile Include="Game Components\Scorpion.cpp">
      <Filter>Source Files\Game Components\Scorpion</Filter>
    </ClCompile>
    <ClCompile Include="Game Components\Spider.cpp">
      <Filter>Source Files\Game Components\Spider</Filter>
    </ClCompile>
    <ClCompile Include="Game Components\FirstScene.cpp">
      <Filter>Source Files\Game Components\Levels</Filter>
    </ClCompile>
    <ClCompile Include="Game Components\KeyEventTest.cpp">
      <Filter>Source Files\Game Components\Levels</Filter>
    </ClCompile>
    <ClCompile Include="Game Components\ShipController.cpp">
      <Filter>Source Files\Game Components\Ship</Filter>
    </ClCompile>
    <ClCompile Include="Game Components\Grid.cpp">
      <Filter>Source Files\Game Components\Wave Manager</Filter>
    </ClCompile>
    <ClCompile Include="Game Components\Bullet.cpp">
      <Filter>Source Files\Game Components\Bullet</Filter>
    </ClCompile>
    <ClCompile Include="Game Components\BulletFactory.cpp">
      <Filter>Source Files\Game Components\Bullet</Filter>
    </ClCompile>
    <ClCompile Include="Game Components\FleaFactory.cpp">
      <Filter>Source Files\Game Components\Flea</Filter>
    </ClCompile>
    <ClCompile Include="Game Components\ScorpionFactory.cpp">
      <Filter>Source Files\Game Components\Scorpion</Filter>
    </ClCompile>
    <ClCompile Include="Game Components\SpiderFactory.cpp">
      <Filter>Source Files\Game Components\Spider</Filter>
    </ClCompile>
    <ClCompile Include="Game Components\PlayerManager.cpp">
      <Filter>Source Files\Game Components\Ship</Filter>
    </ClCompile>
    <ClCompile Include="Game Components\ScoreManager.cpp">
      <Filter>Source Files\Game Components\Score System</Filter>
    </ClCompile>
    <ClCompile Include="Game Components\MoveFSM.cpp">
      <Filter>Source Files\Game Components\Centipede\CentipedeFSM</Filter>
    </ClCompile>
    <ClCompile Include="Game Components\MoveLeftAndDownwards.cpp">
      <Filter>Source Files\Game Components\Centipede\CentipedeFSM</Filter>
    </ClCompile>
    <ClCompile Include="Game Components\MoveLeftAndUpwards.cpp">
      <Filter>Source Files\Game Components\Centipede\CentipedeFSM</Filter>
    </ClCompile>
    <ClCompile Include="Game Components\MovementCollection.cpp">
      <Filter>Source Files\Game Components\Centipede\CentipedeFSM</Filter>
    </ClCompile>
    <ClCompile Include="Game Components\MoveRightAndDownwards.cpp">
      <Filter>Source Files\Game Components\Centipede\CentipedeFSM</Filter>
    </ClCompile>
    <ClCompile Include="Game Components\MoveRightAndUpwards.cpp">
      <Filter>Source Files\Game Components\Centipede\CentipedeFSM</Filter>
    </ClCompile>
    <ClCompile Include="Game Components\PoisonMoveDown.cpp">
      <Filter>Source Files\Game Components\Centipede\CentipedeFSM</Filter>
    </ClCompile>
    <ClCompile Include="Game Components\PoisonMoveDownRight.cpp">
      <Filter>Source Files\Game Components\Centipede\CentipedeFSM</Filter>
    </ClCompile>
    <ClCompile Include="Game Components\PoisonMoveUpLeft.cpp">
      <Filter>Source Files\Game Components\Centipede\CentipedeFSM</Filter>
    </ClCompile>
    <ClCompile Include="Game Components\PoisonMoveUpRight.cpp">
      <Filter>Source Files\Game Components\Centipede\CentipedeFSM</Filter>
    </ClCompile>
    <ClCompile Include="Game Components\RotationCollection.cpp">
      <Filter>Source Files\Game Components\Centipede\CentipedeFSM</Filter>
    </ClCompile>
    <ClCompile Include="Game Components\TurnDownSwitchToLeft.cpp">
      <Filter>Source Files\Game Components\Centipede\CentipedeFSM</Filter>
    </ClCompile>
    <ClCompile Include="Game Components\TurnDownSwitchToRight.cpp">
      <Filter>Source Files\Game Components\Centipede\CentipedeFSM</Filter>
    </ClCompile>
    <ClCompile Include="Game Components\TurnUpSwitchToLeft.cpp">
      <Filter>Source Files\Game Components\Centipede\CentipedeFSM</Filter>
    </ClCompile>
    <ClCompile Include="Game Components\TurnUpSwitchToRight.cpp">
      <Filter>Source Files\Game Components\Centipede\CentipedeFSM</Filter>
    </ClCompile>
    <ClCompile Include="Game Components\CentipedeHead.cpp">
      <Filter>Source Files\Game Components\Centipede\CentipedeHead</Filter>
    </ClCompile>
    <ClCompile Include="Game Components\CentipedeHeadFactory.cpp">
      <Filter>Source Files\Game Components\Centipede\CentipedeHead</Filter>
    </ClCompile>
    <ClCompile Include="Game Components\CentipedeBody.cpp">
      <Filter>Source Files\Game Components\Centipede\CentipedeBody</Filter>
    </ClCompile>
    <ClCompile Include="Game Components\CentipedeBodyFactory.cpp">
      <Filter>Source Files\Game Components\Centipede\CentipedeBody</Filter>
    </ClCompile>
    <ClCompile Include="Game Components\CmdScoreValue.cpp">
      <Filter>Source Files\Game Components\Score System</Filter>
    </ClCompile>
    <ClCompile Include="Game Components\CmdScoreByDistance.cpp">
      <Filter>Source Files\Game Components\Score System</Filter>
    </ClCompile>
    <ClCompile Include="Game Components\Glyph.cpp">
      <Filter>Source Files\Game Components\HUD/Font System</Filter>
    </ClCompile>
    <ClCompile Include="Game Components\SpriteSheet.cpp">
      <Filter>Source Files\Game Components\HUD/Font System</Filter>
    </ClCompile>
    <ClCompile Include="Game Components\AwesomeFont.cpp">
      <Filter>Source Files\Game Components\HUD/Font System</Filter>
    </ClCompile>
    <ClCompile Include="Game Components\DisplayText.cpp">
      <Filter>Source Files\Game Components\HUD/Font System</Filter>
    </ClCompile>
    <ClCompile Include="Game Components\SoundManager.cpp">
      <Filter>Source Files\Game Components\Sound Manager</Filter>
    </ClCompile>
    <ClCompile Include="Game Components\CmdSoundValue.cpp">
      <Filter>Source Files\Game Components\Sound Manager</Filter>
    </ClCompile>
    <ClCompile Include="Game Components\SpiderManager.cpp">
      <Filter>Source Files\Game Components\Spider</Filter>
    </ClCompile>
    <ClCompile Include="Game Components\Explosion.cpp">
      <Filter>Source Files\Game Components\Explosions</Filter>
    </ClCompile>
    <ClCompile Include="Game Components\ExplosionFactory.cpp">
      <Filter>Source Files\Game Components\Explosions</Filter>
    </ClCompile>
    <ClCompile Include="Game Components\CentipedeManager.cpp">
      <Filter>Source Files\Game Components\Centipede</Filter>
    </ClCompile>
    <ClCompile Include="Game Components\CritterSpawner.cpp">
      <Filter>Source Files\Game Components\Wave Manager</Filter>
    </ClCompile>
    <ClCompile Include="Game Components\ScorpionManager.cpp">
      <Filter>Source Files\Game Components\Scorpion</Filter>
    </ClCompile>
    <ClCompile Include="Game Components\FleaManager.cpp">
      <Filter>Source Files\Game Components\Flea</Filter>
    </ClCompile>
    <ClCompile Include="Game Components\MushroomFactory.cpp">
      <Filter>Source Files\Game Components\Mushroom</Filter>
    </ClCompile>
    <ClCompile Include="Game Components\AIShipController.cpp">
      <Filter>Source Files\Game Components\Ship</Filter>
    </ClCompile>
    <ClCompile Include="Game Components\SecondScene.cpp">
      <Filter>Source Files\Game Components\Levels</Filter>
    </ClCompile>
    <ClCompile Include="Game Components\LevelController.cpp">
      <Filter>Source Files\Game Components\Levels</Filter>
    </ClCompile>
    <ClCompile Include="Game Components\PoisonMushroomFactory.cpp">
      <Filter>Source Files\Game Components\Mushroom</Filter>
    </ClCompile>
    <ClCompile Include="Game Components\ShipFactory.cpp">
      <Filter>Source Files\Game Components\Ship</Filter>
    </ClCompile>
    <ClCompile Include="Game Components\ThirdScene.cpp">
      <Filter>Source Files\Game Components\Levels</Filter>
    </ClCompile>
    <ClCompile Include="Game Components\FourthScene.cpp">
      <Filter>Source Files\Game Components\Levels</Filter>
    </ClCompile>
    <ClCompile Include="Game Components\SingletonScoreHolder.cpp">
      <Filter>Source Files\Game Components\Score System</Filter>
    </ClCompile>
  </ItemGroup>
  <ItemGroup>
    <ClInclude Include="Game Components\TEAL\AnimatedSprite.h">
      <Filter>Source Files\Game Components\_TEAL\Asset Management</Filter>
    </ClInclude>
    <ClInclude Include="Game Components\TEAL\ResourceManager.h">
      <Filter>Source Files\Game Components\_TEAL\Asset Management</Filter>
    </ClInclude>
    <ClInclude Include="Game Components\TEAL\CollisionInfo.h">
      <Filter>Source Files\Game Components\_TEAL\Collision Management\CollisionInfo</Filter>
    </ClInclude>
    <ClInclude Include="Game Components\TEAL\CollisionInfoSprite.h">
      <Filter>Source Files\Game Components\_TEAL\Collision Management\CollisionInfo</Filter>
    </ClInclude>
    <ClInclude Include="Game Components\TEAL\CollisionInfoAABB.h">
      <Filter>Source Files\Game Components\_TEAL\Collision Management\CollisionInfo</Filter>
    </ClInclude>
    <ClInclude Include="Game Components\TEAL\CollisionInfoAABBfromShape.h">
      <Filter>Source Files\Game Components\_TEAL\Collision Management\CollisionInfo</Filter>
    </ClInclude>
    <ClInclude Include="Game Components\TEAL\CollisionInfoAABBfromSprite.h">
      <Filter>Source Files\Game Components\_TEAL\Collision Management\CollisionInfo</Filter>
    </ClInclude>
    <ClInclude Include="Game Components\TEAL\CollisionInfoShape.h">
      <Filter>Source Files\Game Components\_TEAL\Collision Management\CollisionInfo</Filter>
    </ClInclude>
    <ClInclude Include="Game Components\TEAL\CollisionGrid.h">
      <Filter>Source Files\Game Components\_TEAL\Collision Management</Filter>
    </ClInclude>
    <ClInclude Include="Game Components\TEAL\CollisionTools.h">
      <Filter>Source Files\Game Components\_TEAL\Collision Management</Filter>
    </ClInclude>
    <ClInclude Include="Game Components\TEAL\CollisionGridBase.h">
      <Filter>Source Files\Game Components\_TEAL\Collision Management</Filter>
    </ClInclude>
    <ClInclude Include="Game Components\TEAL\CollisionManager.h">
      <Filter>Source Files\Game Components\_TEAL\Collision Management</Filter>
    </ClInclude>
    <ClInclude Include="Game Components\TEAL\Game.h">
      <Filter>Source Files\Game Components\_TEAL\Game and Scene Management</Filter>
    </ClInclude>
    <ClInclude Include="Game Components\TEAL\SceneManager.h">
      <Filter>Source Files\Game Components\_TEAL\Game and Scene Management</Filter>
    </ClInclude>
    <ClInclude Include="Game Components\TEAL\AlarmEventTimeline.h">
      <Filter>Source Files\Game Components\_TEAL\Time Management</Filter>
    </ClInclude>
    <ClInclude Include="Game Components\TEAL\AlarmManager.h">
      <Filter>Source Files\Game Components\_TEAL\Time Management</Filter>
    </ClInclude>
    <ClInclude Include="Game Components\TEAL\CommonElements.h">
      <Filter>Source Files\Game Components\_TEAL\Tools and Visualizers</Filter>
    </ClInclude>
    <ClInclude Include="Game Components\TEAL\ConsoleMsg.h">
      <Filter>Source Files\Game Components\_TEAL\Tools and Visualizers</Filter>
    </ClInclude>
    <ClInclude Include="Game Components\TEAL\doxygendata.h">
      <Filter>Source Files\Game Components\_TEAL\Tools and Visualizers</Filter>
    </ClInclude>
    <ClInclude Include="Game Components\TEAL\TEALShow.h">
      <Filter>Source Files\Game Components\_TEAL\Tools and Visualizers</Filter>
    </ClInclude>
    <ClInclude Include="Game Components\TEAL\Tools.h">
      <Filter>Source Files\Game Components\_TEAL\Tools and Visualizers</Filter>
    </ClInclude>
    <ClInclude Include="Game Components\TEAL\GameObject.h">
      <Filter>Source Files\Game Components\_TEAL\User Base Classes</Filter>
    </ClInclude>
    <ClInclude Include="Game Components\TEAL\Scene.h">
      <Filter>Source Files\Game Components\_TEAL\User Base Classes</Filter>
    </ClInclude>
    <ClInclude Include="Game Components\TEAL\GlobalDefinitions.h">
      <Filter>Source Files\Game Components\_TEAL\Window and Event Management</Filter>
    </ClInclude>
    <ClInclude Include="Game Components\TEAL\WindowManager.h">
      <Filter>Source Files\Game Components\_TEAL\Window and Event Management</Filter>
    </ClInclude>
    <ClInclude Include="Game Components\TEAL\InputEventManager.h">
      <Filter>Source Files\Game Components\_TEAL\Window and Event Management</Filter>
    </ClInclude>
    <ClInclude Include="Game Components\TEAL\GameClock.h">
      <Filter>Source Files\Game Components\_TEAL\Time Management</Filter>
    </ClInclude>
    <ClInclude Include="Game Components\Ship.h">
      <Filter>Source Files\Game Components\Ship</Filter>
    </ClInclude>
    <ClInclude Include="Game Components\GameController.h">
      <Filter>Source Files\Game Components\Wave Manager</Filter>
    </ClInclude>
    <ClInclude Include="Game Components\Mushroom.h">
      <Filter>Source Files\Game Components\Mushroom</Filter>
    </ClInclude>
    <ClInclude Include="Game Components\MushroomField.h">
      <Filter>Source Files\Game Components\Mushroom</Filter>
    </ClInclude>
    <ClInclude Include="Game Components\Flea.h">
      <Filter>Source Files\Game Components\Flea</Filter>
    </ClInclude>
    <ClInclude Include="Game Components\PoisonMushroom.h">
      <Filter>Source Files\Game Components\Mushroom</Filter>
    </ClInclude>
    <ClInclude Include="Game Components\Scorpion.h">
      <Filter>Source Files\Game Components\Scorpion</Filter>
    </ClInclude>
    <ClInclude Include="Game Components\Spider.h">
      <Filter>Source Files\Game Components\Spider</Filter>
    </ClInclude>
    <ClInclude Include="Game Components\FirstScene.h">
      <Filter>Source Files\Game Components\Levels</Filter>
    </ClInclude>
    <ClInclude Include="Game Components\KeyEventTest.h">
      <Filter>Source Files\Game Components\Levels</Filter>
    </ClInclude>
    <ClInclude Include="Game Components\ShipController.h">
      <Filter>Source Files\Game Components\Ship</Filter>
    </ClInclude>
    <ClInclude Include="Game Components\Grid.h">
      <Filter>Source Files\Game Components\Wave Manager</Filter>
    </ClInclude>
    <ClInclude Include="Game Components\Bullet.h">
      <Filter>Source Files\Game Components\Bullet</Filter>
    </ClInclude>
    <ClInclude Include="Game Components\BulletFactory.h">
      <Filter>Source Files\Game Components\Bullet</Filter>
    </ClInclude>
    <ClInclude Include="Game Components\FleaFactory.h">
      <Filter>Source Files\Game Components\Flea</Filter>
    </ClInclude>
    <ClInclude Include="Game Components\ScorpionFactory.h">
      <Filter>Source Files\Game Components\Scorpion</Filter>
    </ClInclude>
    <ClInclude Include="Game Components\SpiderFactory.h">
      <Filter>Source Files\Game Components\Spider</Filter>
    </ClInclude>
    <ClInclude Include="Game Components\PlayerManager.h">
      <Filter>Source Files\Game Components\Ship</Filter>
    </ClInclude>
    <ClInclude Include="Game Components\ScoreManager.h">
      <Filter>Source Files\Game Components\Score System</Filter>
    </ClInclude>
    <ClInclude Include="Game Components\MoveFSM.h">
      <Filter>Source Files\Game Components\Centipede\CentipedeFSM</Filter>
    </ClInclude>
    <ClInclude Include="Game Components\MoveLeftAndDownwards.h">
      <Filter>Source Files\Game Components\Centipede\CentipedeFSM</Filter>
    </ClInclude>
    <ClInclude Include="Game Components\MoveLeftAndUpwards.h">
      <Filter>Source Files\Game Components\Centipede\CentipedeFSM</Filter>
    </ClInclude>
    <ClInclude Include="Game Components\MovementCollection.h">
      <Filter>Source Files\Game Components\Centipede\CentipedeFSM</Filter>
    </ClInclude>
    <ClInclude Include="Game Components\MoveRightAndDownwards.h">
      <Filter>Source Files\Game Components\Centipede\CentipedeFSM</Filter>
    </ClInclude>
    <ClInclude Include="Game Components\MoveRightAndUpwards.h">
      <Filter>Source Files\Game Components\Centipede\CentipedeFSM</Filter>
    </ClInclude>
    <ClInclude Include="Game Components\MoveState.h">
      <Filter>Source Files\Game Components\Centipede\CentipedeFSM</Filter>
    </ClInclude>
    <ClInclude Include="Game Components\PoisonMoveDown.h">
      <Filter>Source Files\Game Components\Centipede\CentipedeFSM</Filter>
    </ClInclude>
    <ClInclude Include="Game Components\PoisonMoveDownRight.h">
      <Filter>Source Files\Game Components\Centipede\CentipedeFSM</Filter>
    </ClInclude>
    <ClInclude Include="Game Components\PoisonMoveUpLeft.h">
      <Filter>Source Files\Game Components\Centipede\CentipedeFSM</Filter>
    </ClInclude>
    <ClInclude Include="Game Components\PoisonMoveUpRight.h">
      <Filter>Source Files\Game Components\Centipede\CentipedeFSM</Filter>
    </ClInclude>
    <ClInclude Include="Game Components\RotationCollection.h">
      <Filter>Source Files\Game Components\Centipede\CentipedeFSM</Filter>
    </ClInclude>
    <ClInclude Include="Game Components\TurnDownSwitchToLeft.h">
      <Filter>Source Files\Game Components\Centipede\CentipedeFSM</Filter>
    </ClInclude>
    <ClInclude Include="Game Components\TurnDownSwitchToRight.h">
      <Filter>Source Files\Game Components\Centipede\CentipedeFSM</Filter>
    </ClInclude>
    <ClInclude Include="Game Components\TurnUpSwitchToLeft.h">
      <Filter>Source Files\Game Components\Centipede\CentipedeFSM</Filter>
    </ClInclude>
    <ClInclude Include="Game Components\TurnUpSwitchToRight.h">
      <Filter>Source Files\Game Components\Centipede\CentipedeFSM</Filter>
    </ClInclude>
    <ClInclude Include="Game Components\CentipedeHead.h">
      <Filter>Source Files\Game Components\Centipede\CentipedeHead</Filter>
    </ClInclude>
    <ClInclude Include="Game Components\CentipedeHeadFactory.h">
      <Filter>Source Files\Game Components\Centipede\CentipedeHead</Filter>
    </ClInclude>
    <ClInclude Include="Game Components\CentipedeBody.h">
      <Filter>Source Files\Game Components\Centipede\CentipedeBody</Filter>
    </ClInclude>
    <ClInclude Include="Game Components\CentipedeBodyFactory.h">
      <Filter>Source Files\Game Components\Centipede\CentipedeBody</Filter>
    </ClInclude>
    <ClInclude Include="Game Components\CmdScore.h">
      <Filter>Source Files\Game Components\Score System</Filter>
    </ClInclude>
    <ClInclude Include="Game Components\CmdScoreValue.h">
      <Filter>Source Files\Game Components\Score System</Filter>
    </ClInclude>
    <ClInclude Include="Game Components\CmdScoreByDistance.h">
      <Filter>Source Files\Game Components\Score System</Filter>
    </ClInclude>
    <ClInclude Include="Game Components\Glyph.h">
      <Filter>Source Files\Game Components\HUD/Font System</Filter>
    </ClInclude>
    <ClInclude Include="Game Components\SpriteSheet.h">
      <Filter>Source Files\Game Components\HUD/Font System</Filter>
    </ClInclude>
    <ClInclude Include="Game Components\AwesomeFont.h">
      <Filter>Source Files\Game Components\HUD/Font System</Filter>
    </ClInclude>
    <ClInclude Include="Game Components\DisplayText.h">
      <Filter>Source Files\Game Components\HUD/Font System</Filter>
    </ClInclude>
    <ClInclude Include="Game Components\SoundManager.h">
      <Filter>Source Files\Game Components\Sound Manager</Filter>
    </ClInclude>
    <ClInclude Include="Game Components\CmdSound.h">
      <Filter>Source Files\Game Components\Sound Manager</Filter>
    </ClInclude>
    <ClInclude Include="Game Components\CmdSoundValue.h">
      <Filter>Source Files\Game Components\Sound Manager</Filter>
    </ClInclude>
    <ClInclude Include="Game Components\SpiderManager.h">
      <Filter>Source Files\Game Components\Spider</Filter>
    </ClInclude>
    <ClInclude Include="Game Components\Explosion.h">
      <Filter>Source Files\Game Components\Explosions</Filter>
    </ClInclude>
    <ClInclude Include="Game Components\ExplosionFactory.h">
      <Filter>Source Files\Game Components\Explosions</Filter>
    </ClInclude>
    <ClInclude Include="Game Components\CentipedeManager.h">
      <Filter>Source Files\Game Components\Centipede</Filter>
    </ClInclude>
    <ClInclude Include="Game Components\CritterSpawner.h">
      <Filter>Source Files\Game Components\Wave Manager</Filter>
    </ClInclude>
    <ClInclude Include="Game Components\ScorpionManager.h">
      <Filter>Source Files\Game Components\Scorpion</Filter>
    </ClInclude>
    <ClInclude Include="Game Components\FleaManager.h">
      <Filter>Source Files\Game Components\Flea</Filter>
    </ClInclude>
    <ClInclude Include="Game Components\MushroomFactory.h">
      <Filter>Source Files\Game Components\Mushroom</Filter>
    </ClInclude>
    <ClInclude Include="Game Components\AiShipController.h">
      <Filter>Source Files\Game Components\Ship</Filter>
    </ClInclude>
    <ClInclude Include="Game Components\SecondScene.h">
      <Filter>Source Files\Game Components\Levels</Filter>
    </ClInclude>
    <ClInclude Include="Game Components\LevelController.h">
      <Filter>Source Files\Game Components\Levels</Filter>
    </ClInclude>
    <ClInclude Include="Game Components\PoisonMushroomFactory.h">
      <Filter>Source Files\Game Components\Mushroom</Filter>
    </ClInclude>
    <ClInclude Include="Game Components\ShipFactory.h">
      <Filter>Source Files\Game Components\Ship</Filter>
    </ClInclude>
    <ClInclude Include="Game Components\ThirdScene.h">
      <Filter>Source Files\Game Components\Levels</Filter>
    </ClInclude>
    <ClInclude Include="Game Components\FourthScene.h">
      <Filter>Source Files\Game Components\Levels</Filter>
    </ClInclude>
    <ClInclude Include="Game Components\SingletonScoreHolder.h">
      <Filter>Source Files\Game Components\Score System</Filter>
    </ClInclude>
  </ItemGroup>
  <ItemGroup>
    <None Include="Game Components\TEAL\_Version Information.txt">
      <Filter>Source Files\Game Components\_TEAL</Filter>
    </None>
  </ItemGroup>
</Project>